
Microsoft Visual Studio Solution File, Format Version 12.00
Project("{FAE04EC0-301F-11D3-BF4B-00C04F79EFBC}") = "HrAPI", "HrAPI\HrAPI.csproj", "{CBB899E3-C35B-449C-B100-C3F4F256EBA5}"
EndProject
Global
	GlobalSection(SolutionConfigurationPlatforms) = preSolution
		Debug|Any CPU = Debug|Any CPU
		Release|Any CPU = Release|Any CPU
	EndGlobalSection
	GlobalSection(ProjectConfigurationPlatforms) = postSolution
		{CBB899E3-C35B-449C-B100-C3F4F256EBA5}.Debug|Any CPU.ActiveCfg = Debug|Any CPU
		{CBB899E3-C35B-449C-B100-C3F4F256EBA5}.Debug|Any CPU.Build.0 = Debug|Any CPU
		{CBB899E3-C35B-449C-B100-C3F4F256EBA5}.Release|Any CPU.ActiveCfg = Release|Any CPU
		{CBB899E3-C35B-449C-B100-C3F4F256EBA5}.Release|Any CPU.Build.0 = Release|Any CPU
	EndGlobalSection
EndGlobal
